// !$*UTF8*$!
{
	archiveVersion = 1;
	classes = {
	};
	objectVersion = 50;
	objects = {

/* Begin PBXBuildFile section */
		EB1DE1B62239A2CB004F060C /* AppDelegate.m in Sources */ = {isa = PBXBuildFile; fileRef = EB1DE1B52239A2CB004F060C /* AppDelegate.m */; };
		EB1DE1BC2239A2CC004F060C /* Main.storyboard in Resources */ = {isa = PBXBuildFile; fileRef = EB1DE1BA2239A2CC004F060C /* Main.storyboard */; };
		EB1DE1BE2239A2CF004F060C /* Assets.xcassets in Resources */ = {isa = PBXBuildFile; fileRef = EB1DE1BD2239A2CF004F060C /* Assets.xcassets */; };
		EB1DE1C12239A2CF004F060C /* LaunchScreen.storyboard in Resources */ = {isa = PBXBuildFile; fileRef = EB1DE1BF2239A2CF004F060C /* LaunchScreen.storyboard */; };
		EB1DE1C42239A2CF004F060C /* main.m in Sources */ = {isa = PBXBuildFile; fileRef = EB1DE1C32239A2CF004F060C /* main.m */; };
		EBC79A652239A7F600313F49 /* LSIContactTableViewController.m in Sources */ = {isa = PBXBuildFile; fileRef = EBC79A642239A7F600313F49 /* LSIContactTableViewController.m */; };
		EBC79A682239A80A00313F49 /* LSIContactViewController.m in Sources */ = {isa = PBXBuildFile; fileRef = EBC79A672239A80A00313F49 /* LSIContactViewController.m */; };
/* End PBXBuildFile section */

/* Begin PBXFileReference section */
		EB1DE1B12239A2CB004F060C /* Contact-MSR.app */ = {isa = PBXFileReference; explicitFileType = wrapper.application; includeInIndex = 0; path = "Contact-MSR.app"; sourceTree = BUILT_PRODUCTS_DIR; };
		EB1DE1B42239A2CB004F060C /* AppDelegate.h */ = {isa = PBXFileReference; lastKnownFileType = sourcecode.c.h; path = AppDelegate.h; sourceTree = "<group>"; };
		EB1DE1B52239A2CB004F060C /* AppDelegate.m */ = {isa = PBXFileReference; lastKnownFileType = sourcecode.c.objc; path = AppDelegate.m; sourceTree = "<group>"; };
		EB1DE1BB2239A2CC004F060C /* Base */ = {isa = PBXFileReference; lastKnownFileType = file.storyboard; name = Base; path = Base.lproj/Main.storyboard; sourceTree = "<group>"; };
		EB1DE1BD2239A2CF004F060C /* Assets.xcassets */ = {isa = PBXFileReference; lastKnownFileType = folder.assetcatalog; path = Assets.xcassets; sourceTree = "<group>"; };
		EB1DE1C02239A2CF004F060C /* Base */ = {isa = PBXFileReference; lastKnownFileType = file.storyboard; name = Base; path = Base.lproj/LaunchScreen.storyboard; sourceTree = "<group>"; };
		EB1DE1C22239A2CF004F060C /* Info.plist */ = {isa = PBXFileReference; lastKnownFileType = text.plist.xml; path = Info.plist; sourceTree = "<group>"; };
		EB1DE1C32239A2CF004F060C /* main.m */ = {isa = PBXFileReference; lastKnownFileType = sourcecode.c.objc; path = main.m; sourceTree = "<group>"; };
		EBC79A632239A7F600313F49 /* LSIContactTableViewController.h */ = {isa = PBXFileReference; lastKnownFileType = sourcecode.c.h; path = LSIContactTableViewController.h; sourceTree = "<group>"; };
		EBC79A642239A7F600313F49 /* LSIContactTableViewController.m */ = {isa = PBXFileReference; lastKnownFileType = sourcecode.c.objc; path = LSIContactTableViewController.m; sourceTree = "<group>"; };
		EBC79A662239A80A00313F49 /* LSIContactViewController.h */ = {isa = PBXFileReference; lastKnownFileType = sourcecode.c.h; path = LSIContactViewController.h; sourceTree = "<group>"; };
		EBC79A672239A80A00313F49 /* LSIContactViewController.m */ = {isa = PBXFileReference; lastKnownFileType = sourcecode.c.objc; path = LSIContactViewController.m; sourceTree = "<group>"; };
/* End PBXFileReference section */

/* Begin PBXFrameworksBuildPhase section */
		EB1DE1AE2239A2CB004F060C /* Frameworks */ = {
			isa = PBXFrameworksBuildPhase;
			buildActionMask = 2147483647;
			files = (
			);
			runOnlyForDeploymentPostprocessing = 0;
		};
/* End PBXFrameworksBuildPhase section */

/* Begin PBXGroup section */
		EB1DE1A82239A2CB004F060C = {
			isa = PBXGroup;
			children = (
				EB1DE1B32239A2CB004F060C /* Contact-MSR */,
				EB1DE1B22239A2CB004F060C /* Products */,
			);
			sourceTree = "<group>";
		};
		EB1DE1B22239A2CB004F060C /* Products */ = {
			isa = PBXGroup;
			children = (
				EB1DE1B12239A2CB004F060C /* Contact-MSR.app */,
			);
			name = Products;
			sourceTree = "<group>";
		};
		EB1DE1B32239A2CB004F060C /* Contact-MSR */ = {
			isa = PBXGroup;
			children = (
				EB1DE1CD2239A49B004F060C /* Resources */,
				EB1DE1CB2239A43F004F060C /* View Controller */,
				EB1DE1CA2239A435004F060C /* Model */,
				EB1DE1BD2239A2CF004F060C /* Assets.xcassets */,
				EB1DE1C22239A2CF004F060C /* Info.plist */,
			);
			path = "Contact-MSR";
			sourceTree = "<group>";
		};
		EB1DE1CA2239A435004F060C /* Model */ = {
			isa = PBXGroup;
			children = (
			);
			path = Model;
			sourceTree = "<group>";
		};
		EB1DE1CB2239A43F004F060C /* View Controller */ = {
			isa = PBXGroup;
			children = (
				EBC79A632239A7F600313F49 /* LSIContactTableViewController.h */,
				EBC79A642239A7F600313F49 /* LSIContactTableViewController.m */,
				EBC79A662239A80A00313F49 /* LSIContactViewController.h */,
				EBC79A672239A80A00313F49 /* LSIContactViewController.m */,
			);
			path = "View Controller";
			sourceTree = "<group>";
		};
		EB1DE1CD2239A49B004F060C /* Resources */ = {
			isa = PBXGroup;
			children = (
				EB1DE1B42239A2CB004F060C /* AppDelegate.h */,
				EB1DE1B52239A2CB004F060C /* AppDelegate.m */,
				EB1DE1BA2239A2CC004F060C /* Main.storyboard */,
				EB1DE1BF2239A2CF004F060C /* LaunchScreen.storyboard */,
				EB1DE1C32239A2CF004F060C /* main.m */,
			);
			path = Resources;
			sourceTree = "<group>";
		};
/* End PBXGroup section */

/* Begin PBXNativeTarget section */
		EB1DE1B02239A2CB004F060C /* Contact-MSR */ = {
			isa = PBXNativeTarget;
			buildConfigurationList = EB1DE1C72239A2CF004F060C /* Build configuration list for PBXNativeTarget "Contact-MSR" */;
			buildPhases = (
				EB1DE1AD2239A2CB004F060C /* Sources */,
				EB1DE1AE2239A2CB004F060C /* Frameworks */,
				EB1DE1AF2239A2CB004F060C /* Resources */,
			);
			buildRules = (
			);
			dependencies = (
			);
			name = "Contact-MSR";
			productName = "Contact-MSR";
			productReference = EB1DE1B12239A2CB004F060C /* Contact-MSR.app */;
			productType = "com.apple.product-type.application";
		};
/* End PBXNativeTarget section */

/* Begin PBXProject section */
		EB1DE1A92239A2CB004F060C /* Project object */ = {
			isa = PBXProject;
			attributes = {
				LastUpgradeCheck = 1010;
				ORGANIZATIONNAME = "Iyin Raphael";
				TargetAttributes = {
					EB1DE1B02239A2CB004F060C = {
						CreatedOnToolsVersion = 10.1;
					};
				};
			};
			buildConfigurationList = EB1DE1AC2239A2CB004F060C /* Build configuration list for PBXProject "Contact-MSR" */;
			compatibilityVersion = "Xcode 9.3";
			developmentRegion = en;
			hasScannedForEncodings = 0;
			knownRegions = (
				en,
				Base,
			);
			mainGroup = EB1DE1A82239A2CB004F060C;
			productRefGroup = EB1DE1B22239A2CB004F060C /* Products */;
			projectDirPath = "";
			projectRoot = "";
			targets = (
				EB1DE1B02239A2CB004F060C /* Contact-MSR */,
			);
		};
/* End PBXProject section */

/* Begin PBXResourcesBuildPhase section */
		EB1DE1AF2239A2CB004F060C /* Resources */ = {
			isa = PBXResourcesBuildPhase;
			buildActionMask = 2147483647;
			files = (
				EB1DE1C12239A2CF004F060C /* LaunchScreen.storyboard in Resources */,
				EB1DE1BE2239A2CF004F060C /* Assets.xcassets in Resources */,
				EB1DE1BC2239A2CC004F060C /* Main.storyboard in Resources */,
			);
			runOnlyForDeploymentPostprocessing = 0;
		};
/* End PBXResourcesBuildPhase section */

/* Begin PBXSourcesBuildPhase section */
		EB1DE1AD2239A2CB004F060C /* Sources */ = {
			isa = PBXSourcesBuildPhase;
			buildActionMask = 2147483647;
			files = (
				EBC79A682239A80A00313F49 /* LSIContactViewController.m in Sources */,
				EBC79A652239A7F600313F49 /* LSIContactTableViewController.m in Sources */,
				EB1DE1C42239A2CF004F060C /* main.m in Sources */,
				EB1DE1B62239A2CB004F060C /* AppDelegate.m in Sources */,
			);
			runOnlyForDeploymentPostprocessing = 0;
		};
/* End PBXSourcesBuildPhase section */

/* Begin PBXVariantGroup section */
		EB1DE1BA2239A2CC004F060C /* Main.storyboard */ = {
			isa = PBXVariantGroup;
			children = (
				EB1DE1BB2239A2CC004F060C /* Base */,
			);
			name = Main.storyboard;
			sourceTree = "<group>";
		};
		EB1DE1BF2239A2CF004F060C /* LaunchScreen.storyboard */ = {
			isa = PBXVariantGroup;
			children = (
				EB1DE1C02239A2CF004F060C /* Base */,
			);
			name = LaunchScreen.storyboard;
			sourceTree = "<group>";
		};
/* End PBXVariantGroup section */

/* Begin XCBuildConfiguration section */
		EB1DE1C52239A2CF004F060C /* Debug */ = {
			isa = XCBuildConfiguration;
			buildSettings = {
				ALWAYS_SEARCH_USER_PATHS = NO;
				CLANG_ANALYZER_NONNULL = YES;
				CLANG_ANALYZER_NUMBER_OBJECT_CONVERSION = YES_AGGRESSIVE;
				CLANG_CXX_LANGUAGE_STANDARD = "gnu++14";
				CLANG_CXX_LIBRARY = "libc++";
				CLANG_ENABLE_MODULES = YES;
				CLANG_ENABLE_OBJC_ARC = YES;
				CLANG_ENABLE_OBJC_WEAK = YES;
				CLANG_WARN_BLOCK_CAPTURE_AUTORELEASING = YES;
				CLANG_WARN_BOOL_CONVERSION = YES;
				CLANG_WARN_COMMA = YES;
				CLANG_WARN_CONSTANT_CONVERSION = YES;
				CLANG_WARN_DEPRECATED_OBJC_IMPLEMENTATIONS = YES;
				CLANG_WARN_DIRECT_OBJC_ISA_USAGE = YES_ERROR;
				CLANG_WARN_DOCUMENTATION_COMMENTS = YES;
				CLANG_WARN_EMPTY_BODY = YES;
				CLANG_WARN_ENUM_CONVERSION = YES;
				CLANG_WARN_INFINITE_RECURSION = YES;
				CLANG_WARN_INT_CONVERSION = YES;
				CLANG_WARN_NON_LITERAL_NULL_CONVERSION = YES;
				CLANG_WARN_OBJC_IMPLICIT_RETAIN_SELF = YES;
				CLANG_WARN_OBJC_LITERAL_CONVERSION = YES;
				CLANG_WARN_OBJC_ROOT_CLASS = YES_ERROR;
				CLANG_WARN_RANGE_LOOP_ANALYSIS = YES;
				CLANG_WARN_STRICT_PROTOTYPES = YES;
				CLANG_WARN_SUSPICIOUS_MOVE = YES;
				CLANG_WARN_UNGUARDED_AVAILABILITY = YES_AGGRESSIVE;
				CLANG_WARN_UNREACHABLE_CODE = YES;
				CLANG_WARN__DUPLICATE_METHOD_MATCH = YES;
				CODE_SIGN_IDENTITY = "iPhone Developer";
				COPY_PHASE_STRIP = NO;
				DEBUG_INFORMATION_FORMAT = dwarf;
				ENABLE_STRICT_OBJC_MSGSEND = YES;
				ENABLE_TESTABILITY = YES;
				GCC_C_LANGUAGE_STANDARD = gnu11;
				GCC_DYNAMIC_NO_PIC = NO;
				GCC_NO_COMMON_BLOCKS = YES;
				GCC_OPTIMIZATION_LEVEL = 0;
				GCC_PREPROCESSOR_DEFINITIONS = (
					"DEBUG=1",
					"$(inherited)",
				);
				GCC_WARN_64_TO_32_BIT_CONVERSION = YES;
				GCC_WARN_ABOUT_RETURN_TYPE = YES_ERROR;
				GCC_WARN_UNDECLARED_SELECTOR = YES;
				GCC_WARN_UNINITIALIZED_AUTOS = YES_AGGRESSIVE;
				GCC_WARN_UNUSED_FUNCTION = YES;
				GCC_WARN_UNUSED_VARIABLE = YES;
				IPHONEOS_DEPLOYMENT_TARGET = 12.1;
				MTL_ENABLE_DEBUG_INFO = INCLUDE_SOURCE;
				MTL_FAST_MATH = YES;
				ONLY_ACTIVE_ARCH = YES;
				SDKROOT = iphoneos;
			};
			name = Debug;
		};
		EB1DE1C62239A2CF004F060C /* Release */ = {
			isa = XCBuildConfiguration;
			buildSettings = {
				ALWAYS_SEARCH_USER_PATHS = NO;
				CLANG_ANALYZER_NONNULL = YES;
				CLANG_ANALYZER_NUMBER_OBJECT_CONVERSION = YES_AGGRESSIVE;
				CLANG_CXX_LANGUAGE_STANDARD = "gnu++14";
				CLANG_CXX_LIBRARY = "libc++";
				CLANG_ENABLE_MODULES = YES;
				CLANG_ENABLE_OBJC_ARC = YES;
				CLANG_ENABLE_OBJC_WEAK = YES;
				CLANG_WARN_BLOCK_CAPTURE_AUTORELEASING = YES;
				CLANG_WARN_BOOL_CONVERSION = YES;
				CLANG_WARN_COMMA = YES;
				CLANG_WARN_CONSTANT_CONVERSION = YES;
				CLANG_WARN_DEPRECATED_OBJC_IMPLEMENTATIONS = YES;
				CLANG_WARN_DIRECT_OBJC_ISA_USAGE = YES_ERROR;
				CLANG_WARN_DOCUMENTATION_COMMENTS = YES;
				CLANG_WARN_EMPTY_BODY = YES;
				CLANG_WARN_ENUM_CONVERSION = YES;
				CLANG_WARN_INFINITE_RECURSION = YES;
				CLANG_WARN_INT_CONVERSION = YES;
				CLANG_WARN_NON_LITERAL_NULL_CONVERSION = YES;
				CLANG_WARN_OBJC_IMPLICIT_RETAIN_SELF = YES;
				CLANG_WARN_OBJC_LITERAL_CONVERSION = YES;
				CLANG_WARN_OBJC_ROOT_CLASS = YES_ERROR;
				CLANG_WARN_RANGE_LOOP_ANALYSIS = YES;
				CLANG_WARN_STRICT_PROTOTYPES = YES;
				CLANG_WARN_SUSPICIOUS_MOVE = YES;
				CLANG_WARN_UNGUARDED_AVAILABILITY = YES_AGGRESSIVE;
				CLANG_WARN_UNREACHABLE_CODE = YES;
				CLANG_WARN__DUPLICATE_METHOD_MATCH = YES;
				CODE_SIGN_IDENTITY = "iPhone Developer";
				COPY_PHASE_STRIP = NO;
				DEBUG_INFORMATION_FORMAT = "dwarf-with-dsym";
				ENABLE_NS_ASSERTIONS = NO;
				ENABLE_STRICT_OBJC_MSGSEND = YES;
				GCC_C_LANGUAGE_STANDARD = gnu11;
				GCC_NO_COMMON_BLOCKS = YES;
				GCC_WARN_64_TO_32_BIT_CONVERSION = YES;
				GCC_WARN_ABOUT_RETURN_TYPE = YES_ERROR;
				GCC_WARN_UNDECLARED_SELECTOR = YES;
				GCC_WARN_UNINITIALIZED_AUTOS = YES_AGGRESSIVE;
				GCC_WARN_UNUSED_FUNCTION = YES;
				GCC_WARN_UNUSED_VARIABLE = YES;
				IPHONEOS_DEPLOYMENT_TARGET = 12.1;
				MTL_ENABLE_DEBUG_INFO = NO;
				MTL_FAST_MATH = YES;
				SDKROOT = iphoneos;
				VALIDATE_PRODUCT = YES;
			};
			name = Release;
		};
		EB1DE1C82239A2CF004F060C /* Debug */ = {
			isa = XCBuildConfiguration;
			buildSettings = {
				ASSETCATALOG_COMPILER_APPICON_NAME = AppIcon;
				CODE_SIGN_STYLE = Automatic;
				INFOPLIST_FILE = "Contact-MSR/Info.plist";
				LD_RUNPATH_SEARCH_PATHS = (
					"$(inherited)",
					"@executable_path/Frameworks",
				);
				PRODUCT_BUNDLE_IDENTIFIER = "com.iyinraphael.Contact-MSR";
				PRODUCT_NAME = "$(TARGET_NAME)";
				TARGETED_DEVICE_FAMILY = "1,2";
			};
			name = Debug;
		};
		EB1DE1C92239A2CF004F060C /* Release */ = {
			isa = XCBuildConfiguration;
			buildSettings = {
				ASSETCATALOG_COMPILER_APPICON_NAME = AppIcon;
				CODE_SIGN_STYLE = Automatic;
				INFOPLIST_FILE = "Contact-MSR/Info.plist";
				LD_RUNPATH_SEARCH_PATHS = (
					"$(inherited)",
					"@executable_path/Frameworks",
				);
				PRODUCT_BUNDLE_IDENTIFIER = "com.iyinraphael.Contact-MSR";
				PRODUCT_NAME = "$(TARGET_NAME)";
				TARGETED_DEVICE_FAMILY = "1,2";
			};
			name = Release;
		};
/* End XCBuildConfiguration section */

/* Begin XCConfigurationList section */
		EB1DE1AC2239A2CB004F060C /* Build configuration list for PBXProject "Contact-MSR" */ = {
			isa = XCConfigurationList;
			buildConfigurations = (
				EB1DE1C52239A2CF004F060C /* Debug */,
				EB1DE1C62239A2CF004F060C /* Release */,
			);
			defaultConfigurationIsVisible = 0;
			defaultConfigurationName = Release;
		};
		EB1DE1C72239A2CF004F060C /* Build configuration list for PBXNativeTarget "Contact-MSR" */ = {
			isa = XCConfigurationList;
			buildConfigurations = (
				EB1DE1C82239A2CF004F060C /* Debug */,
				EB1DE1C92239A2CF004F060C /* Release */,
			);
			defaultConfigurationIsVisible = 0;
			defaultConfigurationName = Release;
		};
/* End XCConfigurationList section */
	};
	rootObject = EB1DE1A92239A2CB004F060C /* Project object */;
}
